{
  "lib/openzeppelin-contracts": {
    "tag": {
      "name": "v5.6.1",
      "rev": "5fd1781b1454fd1ef8e722282f86f9293cacf256"
    }
  },
  "lib/reactive-lib": {
    "tag": {
      "name": "v0.2.0",
      "rev": "d664678a7d86204c9391af4cedfd5ae0b0b904e4"
    }
  },
  "lib/uniswap-hooks": {
    "tag": {
      "name": "v1.2.1",
      "rev": "acbd604c409a827f7f98c9517236da860c4fca1a"
    }
  },
  "lib/v4-core": {
    "tag": {
      "name": "v4.0.0",
      "rev": "e50237c43811bd9b526eff40f26772152a42daba"
    }
  },
  "lib/v4-periphery": {
    "rev": "363226d9e1e2180b67bf6857023dbaad751010c5"
  }
}